
Microsoft Visual Studio Solution File, Format Version 12.00
# Visual Studio Version 16
VisualStudioVersion = 16.0.30611.23
MinimumVisualStudioVersion = 10.0.40219.1
Project("{FAE04EC0-301F-11D3-BF4B-00C04F79EFBC}") = "ConsoleApp2", "ConsoleApp2\ConsoleApp2.csproj", "{B7DB4FCA-E9CC-4077-AD24-E6A1F54DD315}"
EndProject
Global
	GlobalSection(SolutionConfigurationPlatforms) = preSolution
		Debug|Any CPU = Debug|Any CPU
		Release|Any CPU = Release|Any CPU
	EndGlobalSection
	GlobalSection(ProjectConfigurationPlatforms) = postSolution
		{B7DB4FCA-E9CC-4077-AD24-E6A1F54DD315}.Debug|Any CPU.ActiveCfg = Debug|Any CPU
		{B7DB4FCA-E9CC-4077-AD24-E6A1F54DD315}.Debug|Any CPU.Build.0 = Debug|Any CPU
		{B7DB4FCA-E9CC-4077-AD24-E6A1F54DD315}.Release|Any CPU.ActiveCfg = Release|Any CPU
		{B7DB4FCA-E9CC-4077-AD24-E6A1F54DD315}.Release|Any CPU.Build.0 = Release|Any CPU
	EndGlobalSection
	GlobalSection(SolutionProperties) = preSolution
		HideSolutionNode = FALSE
	EndGlobalSection
	GlobalSection(ExtensibilityGlobals) = postSolution
		SolutionGuid = {1BB88947-324A-4E17-92A1-0C94DEA1C505}
	EndGlobalSection
EndGlobal
